
Microsoft Visual Studio Solution File, Format Version 12.00
# Visual Studio 15
VisualStudioVersion = 15.0.28306.52
MinimumVisualStudioVersion = 10.0.40219.1
Project("{FAE04EC0-301F-11D3-BF4B-00C04F79EFBC}") = "AccessControl.App", "AccessControl.App\AccessControl.App.csproj", "{AEFACAF4-4F58-4D12-9382-C48221DB451C}"
EndProject
Project("{FAE04EC0-301F-11D3-BF4B-00C04F79EFBC}") = "AccessControl.Tests", "AccessControl.Tests\AccessControl.Tests.csproj", "{C9E40189-534C-48FE-AF4F-B9B0E8868E67}"
EndProject
Global
	GlobalSection(SolutionConfigurationPlatforms) = preSolution
		Debug|Any CPU = Debug|Any CPU
		Release|Any CPU = Release|Any CPU
	EndGlobalSection
	GlobalSection(ProjectConfigurationPlatforms) = postSolution
		{AEFACAF4-4F58-4D12-9382-C48221DB451C}.Debug|Any CPU.ActiveCfg = Debug|Any CPU
		{AEFACAF4-4F58-4D12-9382-C48221DB451C}.Debug|Any CPU.Build.0 = Debug|Any CPU
		{AEFACAF4-4F58-4D12-9382-C48221DB451C}.Release|Any CPU.ActiveCfg = Release|Any CPU
		{AEFACAF4-4F58-4D12-9382-C48221DB451C}.Release|Any CPU.Build.0 = Release|Any CPU
		{C9E40189-534C-48FE-AF4F-B9B0E8868E67}.Debug|Any CPU.ActiveCfg = Debug|Any CPU
		{C9E40189-534C-48FE-AF4F-B9B0E8868E67}.Debug|Any CPU.Build.0 = Debug|Any CPU
		{C9E40189-534C-48FE-AF4F-B9B0E8868E67}.Release|Any CPU.ActiveCfg = Release|Any CPU
		{C9E40189-534C-48FE-AF4F-B9B0E8868E67}.Release|Any CPU.Build.0 = Release|Any CPU
	EndGlobalSection
	GlobalSection(SolutionProperties) = preSolution
		HideSolutionNode = FALSE
	EndGlobalSection
	GlobalSection(ExtensibilityGlobals) = postSolution
		SolutionGuid = {4B6C4181-5635-44DD-8AE7-EE31B081A8F7}
	EndGlobalSection
EndGlobal
